Microsoft Visual Studio Solution File, Format Version 12.00
# Visual Studio 2012
Project("{FAE04EC0-301F-11D3-BF4B-00C04F79EFBC}") = "SpaceShooter", "SpaceShooter.csproj", "{F6F060EC-BD1B-42C5-9BE9-3109FC9339B1}"
EndProject
Global
	GlobalSection(SolutionConfigurationPlatforms) = preSolution
	Debug|Any CPU = Debug|Any CPU
	Release|Any CPU = Release|Any CPU
	Tools|Any CPU = Tools|Any CPU
	EndGlobalSection
	GlobalSection(ProjectConfigurationPlatforms) = postSolution
		{F6F060EC-BD1B-42C5-9BE9-3109FC9339B1}.Debug|Any CPU.ActiveCfg = Debug|Any CPU
		{F6F060EC-BD1B-42C5-9BE9-3109FC9339B1}.Debug|Any CPU.Build.0 = Debug|Any CPU
		{F6F060EC-BD1B-42C5-9BE9-3109FC9339B1}.Release|Any CPU.ActiveCfg = Release|Any CPU
		{F6F060EC-BD1B-42C5-9BE9-3109FC9339B1}.Release|Any CPU.Build.0 = Release|Any CPU
		{F6F060EC-BD1B-42C5-9BE9-3109FC9339B1}.Tools|Any CPU.ActiveCfg = Tools|Any CPU
		{F6F060EC-BD1B-42C5-9BE9-3109FC9339B1}.Tools|Any CPU.Build.0 = Tools|Any CPU
	EndGlobalSection
EndGlobal
